
Microsoft Visual Studio Solution File, Format Version 12.00
# Visual Studio Version 16
VisualStudioVersion = 16.0.30225.117
MinimumVisualStudioVersion = 10.0.40219.1
Project("{FAE04EC0-301F-11D3-BF4B-00C04F79EFBC}") = "EstudiantePrestamoReportes", "EstudiantePrestamoReportes.csproj", "{4AEACDF5-A633-4CB5-885E-59BFD41A832A}"
EndProject
Global
	GlobalSection(SolutionConfigurationPlatforms) = preSolution
		Debug|Any CPU = Debug|Any CPU
		Release|Any CPU = Release|Any CPU
	EndGlobalSection
	GlobalSection(ProjectConfigurationPlatforms) = postSolution
		{4AEACDF5-A633-4CB5-885E-59BFD41A832A}.Debug|Any CPU.ActiveCfg = Debug|Any CPU
		{4AEACDF5-A633-4CB5-885E-59BFD41A832A}.Debug|Any CPU.Build.0 = Debug|Any CPU
		{4AEACDF5-A633-4CB5-885E-59BFD41A832A}.Release|Any CPU.ActiveCfg = Release|Any CPU
		{4AEACDF5-A633-4CB5-885E-59BFD41A832A}.Release|Any CPU.Build.0 = Release|Any CPU
	EndGlobalSection
	GlobalSection(SolutionProperties) = preSolution
		HideSolutionNode = FALSE
	EndGlobalSection
	GlobalSection(ExtensibilityGlobals) = postSolution
		SolutionGuid = {A148BD71-FDC8-4608-AD70-AD8E6FC6C90A}
	EndGlobalSection
EndGlobal
